
Microsoft Visual Studio Solution File, Format Version 12.00
# Visual Studio 14
VisualStudioVersion = 14.0.25420.1
MinimumVisualStudioVersion = 10.0.40219.1
Project("{FAE04EC0-301F-11D3-BF4B-00C04F79EFBC}") = "NGDemo_Models", "NGDemo_Models\NGDemo_Models.csproj", "{962CDD8B-9AD3-4B40-A543-4942BA3E3FDC}"
EndProject
Project("{FAE04EC0-301F-11D3-BF4B-00C04F79EFBC}") = "Sheng_Core", "Sheng_Core\Sheng_Core.csproj", "{0DB92217-AB96-4BCC-B93E-58DCF45A4F2F}"
EndProject
Project("{FAE04EC0-301F-11D3-BF4B-00C04F79EFBC}") = "NGDemo_Session", "NGDemo_Session\NGDemo_Session.csproj", "{02B20C4C-AD82-481C-9332-53C33E51B0CB}"
EndProject
Project("{FAE04EC0-301F-11D3-BF4B-00C04F79EFBC}") = "NGDemo_Repository", "NGDemo_Repository\NGDemo_Repository.csproj", "{DDBA3B3E-E4D6-43D5-935B-C327738CB3AE}"
EndProject
Project("{2150E333-8FDC-42A3-9474-1A3956D46DE8}") = "Core", "Core", "{E13700E7-8408-41C9-902D-D63A42CFE990}"
EndProject
Project("{2150E333-8FDC-42A3-9474-1A3956D46DE8}") = "Web", "Web", "{8DD656B7-DD47-45DD-A91D-A03E51AEFB9F}"
EndProject
Project("{FAE04EC0-301F-11D3-BF4B-00C04F79EFBC}") = "NGDemo_UI", "NGDemo_UI\NGDemo_UI.csproj", "{AEA2F273-C193-41AD-9190-EBB314AEE63F}"
EndProject
Project("{FAE04EC0-301F-11D3-BF4B-00C04F79EFBC}") = "NGDemo_WebAPI", "NGDemo_WebAPI\NGDemo_WebAPI.csproj", "{09FB396B-F6E4-43A4-95CC-AB82BE527EEA}"
EndProject
Project("{2150E333-8FDC-42A3-9474-1A3956D46DE8}") = "Repository", "Repository", "{D7C12AEF-206D-4C2D-BE32-E4794A86A6A2}"
EndProject
Global
	GlobalSection(SolutionConfigurationPlatforms) = preSolution
		Debug|Any CPU = Debug|Any CPU
		Release|Any CPU = Release|Any CPU
	EndGlobalSection
	GlobalSection(ProjectConfigurationPlatforms) = postSolution
		{962CDD8B-9AD3-4B40-A543-4942BA3E3FDC}.Debug|Any CPU.ActiveCfg = Debug|Any CPU
		{962CDD8B-9AD3-4B40-A543-4942BA3E3FDC}.Debug|Any CPU.Build.0 = Debug|Any CPU
		{962CDD8B-9AD3-4B40-A543-4942BA3E3FDC}.Release|Any CPU.ActiveCfg = Release|Any CPU
		{962CDD8B-9AD3-4B40-A543-4942BA3E3FDC}.Release|Any CPU.Build.0 = Release|Any CPU
		{0DB92217-AB96-4BCC-B93E-58DCF45A4F2F}.Debug|Any CPU.ActiveCfg = Debug|Any CPU
		{0DB92217-AB96-4BCC-B93E-58DCF45A4F2F}.Debug|Any CPU.Build.0 = Debug|Any CPU
		{0DB92217-AB96-4BCC-B93E-58DCF45A4F2F}.Release|Any CPU.ActiveCfg = Release|Any CPU
		{0DB92217-AB96-4BCC-B93E-58DCF45A4F2F}.Release|Any CPU.Build.0 = Release|Any CPU
		{02B20C4C-AD82-481C-9332-53C33E51B0CB}.Debug|Any CPU.ActiveCfg = Debug|Any CPU
		{02B20C4C-AD82-481C-9332-53C33E51B0CB}.Debug|Any CPU.Build.0 = Debug|Any CPU
		{02B20C4C-AD82-481C-9332-53C33E51B0CB}.Release|Any CPU.ActiveCfg = Release|Any CPU
		{02B20C4C-AD82-481C-9332-53C33E51B0CB}.Release|Any CPU.Build.0 = Release|Any CPU
		{DDBA3B3E-E4D6-43D5-935B-C327738CB3AE}.Debug|Any CPU.ActiveCfg = Debug|Any CPU
		{DDBA3B3E-E4D6-43D5-935B-C327738CB3AE}.Debug|Any CPU.Build.0 = Debug|Any CPU
		{DDBA3B3E-E4D6-43D5-935B-C327738CB3AE}.Release|Any CPU.ActiveCfg = Release|Any CPU
		{DDBA3B3E-E4D6-43D5-935B-C327738CB3AE}.Release|Any CPU.Build.0 = Release|Any CPU
		{AEA2F273-C193-41AD-9190-EBB314AEE63F}.Debug|Any CPU.ActiveCfg = Debug|Any CPU
		{AEA2F273-C193-41AD-9190-EBB314AEE63F}.Debug|Any CPU.Build.0 = Debug|Any CPU
		{AEA2F273-C193-41AD-9190-EBB314AEE63F}.Release|Any CPU.ActiveCfg = Release|Any CPU
		{AEA2F273-C193-41AD-9190-EBB314AEE63F}.Release|Any CPU.Build.0 = Release|Any CPU
		{09FB396B-F6E4-43A4-95CC-AB82BE527EEA}.Debug|Any CPU.ActiveCfg = Debug|Any CPU
		{09FB396B-F6E4-43A4-95CC-AB82BE527EEA}.Debug|Any CPU.Build.0 = Debug|Any CPU
		{09FB396B-F6E4-43A4-95CC-AB82BE527EEA}.Release|Any CPU.ActiveCfg = Release|Any CPU
		{09FB396B-F6E4-43A4-95CC-AB82BE527EEA}.Release|Any CPU.Build.0 = Release|Any CPU
	EndGlobalSection
	GlobalSection(SolutionProperties) = preSolution
		HideSolutionNode = FALSE
	EndGlobalSection
	GlobalSection(NestedProjects) = preSolution
		{962CDD8B-9AD3-4B40-A543-4942BA3E3FDC} = {E13700E7-8408-41C9-902D-D63A42CFE990}
		{0DB92217-AB96-4BCC-B93E-58DCF45A4F2F} = {E13700E7-8408-41C9-902D-D63A42CFE990}
		{02B20C4C-AD82-481C-9332-53C33E51B0CB} = {D7C12AEF-206D-4C2D-BE32-E4794A86A6A2}
		{DDBA3B3E-E4D6-43D5-935B-C327738CB3AE} = {D7C12AEF-206D-4C2D-BE32-E4794A86A6A2}
		{AEA2F273-C193-41AD-9190-EBB314AEE63F} = {8DD656B7-DD47-45DD-A91D-A03E51AEFB9F}
		{09FB396B-F6E4-43A4-95CC-AB82BE527EEA} = {8DD656B7-DD47-45DD-A91D-A03E51AEFB9F}
	EndGlobalSection
EndGlobal
